{
    "_meta": {
        "hash": {
            "sha256": "9f6557f9480c64d98770c9807c5ab06db095329b6d455966592c19eb60267f21"
        },
        "pipfile-spec": 6,
        "requires": {
            "python_version": "3.7"
        },
        "sources": [
            {
                "name": "pypi",
                "url": "https://pypi.org/simple",
                "verify_ssl": true
            }
        ]
    },
    "default": {
        "numpy": {
            "hashes": [
                "sha256:032df9b6571c5f1d41ea6f6a189223208cb488990373aa686aca55570fcccb42",
                "sha256:094f8a83e5bd0a44a7557fa24a46db6ba7d5299c389ddbc9e0e18722f567fb63",
                "sha256:1c0c80e74759fa4942298044274f2c11b08c86230b25b8b819e55e644f5ff2b6",
                "sha256:2aa0910eaeb603b1a5598193cc3bc8eacf1baf6c95cbc3955eb8e15fa380c133",
                "sha256:2f5ebc7a04885c7d69e5daa05208faef4db7f1ae6a99f4d36962df8cd54cdc76",
                "sha256:32a07241cb624e104b88b08dea2851bf4ec5d65a1f599d7735041ced7171fd7a",
                "sha256:3c7959f750b54b445f14962a3ddc41b9eadbab00b86da55fbb1967b2b79aad10",
                "sha256:3d8f9273c763a139a99e65c2a3c10f1109df30bedae7f011b10d95c538364704",
                "sha256:63bca71691339d2d6f8a7c970821f2b12098a53afccc0190d4e1555e75e5223a",
                "sha256:7ae9c3baff3b989859c88e0168ad10902118595b996bf781eaf011bb72428798",
                "sha256:866a7c8774ccc7d603667fad95456b4cf56d79a2bb5a7648ac9f0082e0b9416e",
                "sha256:8bc4b92a273659e44ca3f3a2f8786cfa39d8302223bcfe7df794429c63d5f5a1",
                "sha256:919f65e0732195474897b1cafefb4d4e7c2bb8174a725e506b62e9096e4df28d",
                "sha256:9d1598573d310104acb90377f0a8c2319f737084689f5eb18012becaf345cda5",
                "sha256:9fff90c88bfaad2901be50453d5cd7897a826c1d901f0654ee1d73ab3a48cd18",
                "sha256:a245464ddf6d90e2d6287e9cef6bcfda2a99467fdcf1b677b99cd0b6c7b43de2",
                "sha256:a988db28f54e104a01e8573ceb6f28202b4c15635b1450b2e3b2b822c6564f9b",
                "sha256:b12fe6f31babb9477aa0f9692730654b3ee0e71f33b4568170dfafd439caf0a2",
                "sha256:b7599ff4acd23f5de983e3aec772153b1043e131487a5c6ad0f94b41a828877a",
                "sha256:c9f4dafd6065c4c782be84cd67ceeb9b1d4380af60a7af32be10ebecd723385e",
                "sha256:ce3622b73ccd844ba301c1aea65d36cf9d8331e7c25c16b1725d0f14db99aaf4",
                "sha256:d0f36a24cf8061a2c03e151be3418146717505b9b4ec17502fa3bbdb04ec1431",
                "sha256:d263f8f14f2da0c079c0297e829e550d8f2c4e0ffef215506bd1d0ddd2bff3de",
                "sha256:d8837ff272800668aabdfe70b966631914b0d6513aed4fc1b1428446f771834d",
                "sha256:ef694fe72a3995aa778a5095bda946e0d31f7efabd5e8063ad8c6238ab7d3f78",
                "sha256:f1fd1a6f40a501ba4035f5ed2c1f4faa68245d1407bf97d2ee401e4f23d1720b",
                "sha256:fa337b6bd5fe2b8c4e705f4102186feb9985de9bb8536d32d5129a658f1789e0",
                "sha256:febd31cd0d2fd2509ca2ec53cb339f8bf593c1bd245b9fc55c1917a68532a0af"
            ],
            "index": "pypi",
            "version": "==1.15.3"
        },
        "python-igraph": {
            "hashes": [
                "sha256:a5ea42790a077eadb3d1e8f82edc47516fea4a2b26bbf52bfc148370fe0fe676"
            ],
            "index": "pypi",
            "version": "==0.7.1.post6"
        },
        "scikit-learn": {
            "hashes": [
                "sha256:1ca280bbdeb0f9950f9427c71e29d9f14e63b2ffa3e8fdf95f25e13773e6d898",
                "sha256:33ad23aa0928c64567a24aac771aea4e179fab2a20f9f786ab00ca9fe0a13c82",
                "sha256:344bc433ccbfbadcac8c16b4cec9d7c4722bcea9ce19f6da42e2c2f805571941",
                "sha256:35ee532b5e992a6e8d8a71d325fd9e0b58716894657e7d3da3e7a1d888c2e7d4",
                "sha256:37cbbba2d2a3895bba834d50488d22268a511279e053135bb291f637fe30512b",
                "sha256:40cf1908ee712545f4286cc21f3ee21f3466c81438320204725ab37c96849f27",
                "sha256:4130760ac54f5946523c1a1fb32a6c0925e5245f77285270a8f6fb5901b7b733",
                "sha256:46cc8c32496f02affde7abe507af99cd752de0e41aec951a0bc40c693c2a1e07",
                "sha256:4a364cf22be381a17c05ada9f9ce102733a0f75893c51b83718cd9358444921e",
                "sha256:56aff3fa3417cd69807c1c74db69aee34ce08d7161cbdfebbff9b4023d9d224b",
                "sha256:58debb34a15cfc03f4876e450068dbd711d9ec36ae5503ed2868f2c1f88522f7",
                "sha256:7bcf7ade62ef3443470af32afb82646640d653f42502cf31a13cc17d3ff85d57",
                "sha256:7d4eab203ed260075f47e2bf6a2bd656367e4e8683b3ad46d4651070c5d1e9aa",
                "sha256:86697c6e4c2d74fbbf110c6d5979d34196a55108fa9896bf424f9795a8d935ad",
                "sha256:911115db6669c9b11efd502dcc5483cd0c53e4e3c4bcdfe2e73bbb27eb5e81da",
                "sha256:97d1d971f8ec257011e64b7d655df68081dd3097322690afa1a71a1d755f8c18",
                "sha256:99f22c3228ec9ab3933597825dc7d595b6c8c7b9ae725cfa557f16353fac8314",
                "sha256:a2e18e5a4095b3ca4852eb087d28335f3bb8515df4ccf906d380ee627613837f",
                "sha256:a3070f71a4479a9827148609f24f2978f10acffa3b8012fe9606720d271066bd",
                "sha256:a6a197499429d2eaa2ae922760aa3966ef353545422d5f47ea2ca9369cbf7d26",
                "sha256:a7f6f5b3bc7b8e2066076098788579af12bd507ccea8ca6859e52761aa61eaca",
                "sha256:a82b90b6037fcc6b311431395c11b02555a3fbf96921a0667c8f8b0c495991cb",
                "sha256:ab2c4266b8cd159a266eb03c709ad5400756dca9c45aa48fb523263344475093",
                "sha256:b983a2dfdb9d707c78790608bcfd63692e5c2d996865a9689f3db768d0a2978d",
                "sha256:bb33d447f4c6fb164d426467d7bf8a4901c303333c5809b85319b2e0626763cd",
                "sha256:bc2a0116a67081167f1fbfed731d361671e5925db291b70e65fa66170045c53f",
                "sha256:bd189f6d0c2fdccb7c0d3fd1227c6626dc17d00257edbb63dd7c88f31928db61",
                "sha256:d393f810da9cd4746cad7350fb89f0509c3ae702c79d2ba8bd875201be4102d1"
            ],
            "markers": "python_version != '3.3.*' and python_version != '3.2.*' and python_version != '3.0.*' and python_version >= '2.7' and python_version != '3.1.*'",
            "version": "==0.20.0"
        },
        "scipy": {
            "hashes": [
                "sha256:0611ee97296265af4a21164a5323f8c1b4e8e15c582d3dfa7610825900136bb7",
                "sha256:08237eda23fd8e4e54838258b124f1cd141379a5f281b0a234ca99b38918c07a",
                "sha256:0e645dbfc03f279e1946cf07c9c754c2a1859cb4a41c5f70b25f6b3a586b6dbd",
                "sha256:0e9bb7efe5f051ea7212555b290e784b82f21ffd0f655405ac4f87e288b730b3",
                "sha256:108c16640849e5827e7d51023efb3bd79244098c3f21e4897a1007720cb7ce37",
                "sha256:340ef70f5b0f4e2b4b43c8c8061165911bc6b2ad16f8de85d9774545e2c47463",
                "sha256:3ad73dfc6f82e494195144bd3a129c7241e761179b7cb5c07b9a0ede99c686f3",
                "sha256:3b243c77a822cd034dad53058d7c2abf80062aa6f4a32e9799c95d6391558631",
                "sha256:404a00314e85eca9d46b80929571b938e97a143b4f2ddc2b2b3c91a4c4ead9c5",
                "sha256:423b3ff76957d29d1cce1bc0d62ebaf9a3fdfaf62344e3fdec14619bb7b5ad3a",
                "sha256:42d9149a2fff7affdd352d157fa5717033767857c11bd55aa4a519a44343dfef",
                "sha256:625f25a6b7d795e8830cb70439453c9f163e6870e710ec99eba5722775b318f3",
                "sha256:698c6409da58686f2df3d6f815491fd5b4c2de6817a45379517c92366eea208f",
                "sha256:729f8f8363d32cebcb946de278324ab43d28096f36593be6281ca1ee86ce6559",
                "sha256:8190770146a4c8ed5d330d5b5ad1c76251c63349d25c96b3094875b930c44692",
                "sha256:878352408424dffaa695ffedf2f9f92844e116686923ed9aa8626fc30d32cfd1",
                "sha256:8b984f0821577d889f3c7ca8445564175fb4ac7c7f9659b7c60bef95b2b70e76",
                "sha256:8f841bbc21d3dad2111a94c490fb0a591b8612ffea86b8e5571746ae76a3deac",
                "sha256:c22b27371b3866c92796e5d7907e914f0e58a36d3222c5d436ddd3f0e354227a",
                "sha256:d0cdd5658b49a722783b8b4f61a6f1f9c75042d0e29a30ccb6cacc9b25f6d9e2",
                "sha256:d40dc7f494b06dcee0d303e51a00451b2da6119acbeaccf8369f2d29e28917ac",
                "sha256:d8491d4784aceb1f100ddb8e31239c54e4afab8d607928a9f7ef2469ec35ae01",
                "sha256:dfc5080c38dde3f43d8fbb9c0539a7839683475226cf83e4b24363b227dfe552",
                "sha256:e24e22c8d98d3c704bb3410bce9b69e122a8de487ad3dbfe9985d154e5c03a40",
                "sha256:e7a01e53163818d56eabddcafdc2090e9daba178aad05516b20c6591c4811020",
                "sha256:ee677635393414930541a096fc8e61634304bb0153e4e02b75685b11eba14cae",
                "sha256:f0521af1b722265d824d6ad055acfe9bd3341765735c44b5a4d0069e189a0f40",
                "sha256:f25c281f12c0da726c6ed00535ca5d1622ec755c30a3f8eafef26cf43fede694"
            ],
            "markers": "python_version != '3.3.*' and python_version != '3.2.*' and python_version != '3.0.*' and python_version >= '2.7' and python_version != '3.1.*'",
            "version": "==1.1.0"
        },
        "sklearn": {
            "hashes": [
                "sha256:e23001573aa194b834122d2b9562459bf5ae494a2d59ca6b8aa22c85a44c0e31"
            ],
            "index": "pypi",
            "version": "==0.0"
        }
    },
    "develop": {}
}
