{
    "_meta": {
        "hash": {
            "sha256": "2d4080cd95eeec3b73766f8166a2d2fbbd90ae47c6fb77d51ebef69aeaf0bdc9"
        },
        "pipfile-spec": 6,
        "requires": {
            "python_version": "3.7"
        },
        "sources": [
            {
                "name": "pypi",
                "url": "https://pypi.org/simple",
                "verify_ssl": true
            }
        ]
    },
    "default": {
        "python-igraph": {
            "hashes": [
                "sha256:a5ea42790a077eadb3d1e8f82edc47516fea4a2b26bbf52bfc148370fe0fe676"
            ],
            "index": "pypi",
            "version": "==0.7.1.post6"
        }
    },
    "develop": {}
}
